<?xml version="1.0" encoding="utf-8"?>
<Project ToolsVersion="4.0" xmlns="http://schemas.microsoft.com/developer/msbuild/2003">
  <ItemGroup>
    <Filter Include="源文件">
      <UniqueIdentifier>{4FC737F1-C7A5-4376-A066-2A32D752A2FF}</UniqueIdentifier>
      <Extensions>cpp;c;cc;cxx;def;odl;idl;hpj;bat;asm;asmx</Extensions>
    </Filter>
    <Filter Include="lua">
      <UniqueIdentifier>{93995380-89BD-4b04-88EB-625FBE52EBFB}</UniqueIdentifier>
      <Extensions>h;hh;hpp;hxx;hm;inl;inc;xsd</Extensions>
    </Filter>
    <Filter Include="tolua">
      <UniqueIdentifier>{02f3fc6e-ed7a-44e7-a190-cf2ef44a865b}</UniqueIdentifier>
    </Filter>
    <Filter Include="3rd">
      <UniqueIdentifier>{7eb21aeb-27ef-4edd-84ed-e217246e5e67}</UniqueIdentifier>
    </Filter>
    <Filter Include="3rd\lfs">
      <UniqueIdentifier>{d0d5b3a0-78a8-4a8b-8bfe-ac4ca9f9380c}</UniqueIdentifier>
    </Filter>
    <Filter Include="3rd\md5">
      <UniqueIdentifier>{978bcd73-ec08-44cf-9413-96b889002652}</UniqueIdentifier>
    </Filter>
    <Filter Include="3rd\doit">
      <UniqueIdentifier>{a385e8de-83f5-43ed-a1aa-df7223055eae}</UniqueIdentifier>
    </Filter>
    <Filter Include="3rd\json">
      <UniqueIdentifier>{df7eb24f-b7b3-46a2-b8f1-bd6ce6773539}</UniqueIdentifier>
    </Filter>
  </ItemGroup>
  <ItemGroup>
    <ClCompile Include="main.cpp">
      <Filter>源文件</Filter>
    </ClCompile>
    <ClCompile Include="tolua\lib\tolua_map.c">
      <Filter>tolua</Filter>
    </ClCompile>
    <ClCompile Include="tolua\lib\tolua_push.c">
      <Filter>tolua</Filter>
    </ClCompile>
    <ClCompile Include="tolua\lib\tolua_to.c">
      <Filter>tolua</Filter>
    </ClCompile>
    <ClCompile Include="tolua\lib\tolua_event.c">
      <Filter>tolua</Filter>
    </ClCompile>
    <ClCompile Include="tolua\lib\tolua_is.c">
      <Filter>tolua</Filter>
    </ClCompile>
    <ClCompile Include="3rd\lfs\lfs.cpp">
      <Filter>3rd\lfs</Filter>
    </ClCompile>
    <ClCompile Include="3rd\3rdtolua.cpp">
      <Filter>3rd</Filter>
    </ClCompile>
    <ClCompile Include="3rd\md5\md5.cpp">
      <Filter>3rd\md5</Filter>
    </ClCompile>
    <ClCompile Include="3rd\md5\md5_tolua.cpp">
      <Filter>3rd\md5</Filter>
    </ClCompile>
    <ClCompile Include="lua\src\ldblib.c">
      <Filter>lua</Filter>
    </ClCompile>
    <ClCompile Include="lua\src\ldebug.c">
      <Filter>lua</Filter>
    </ClCompile>
    <ClCompile Include="lua\src\ldo.c">
      <Filter>lua</Filter>
    </ClCompile>
    <ClCompile Include="lua\src\ldump.c">
      <Filter>lua</Filter>
    </ClCompile>
    <ClCompile Include="lua\src\lfunc.c">
      <Filter>lua</Filter>
    </ClCompile>
    <ClCompile Include="lua\src\lgc.c">
      <Filter>lua</Filter>
    </ClCompile>
    <ClCompile Include="lua\src\linit.c">
      <Filter>lua</Filter>
    </ClCompile>
    <ClCompile Include="lua\src\liolib.c">
      <Filter>lua</Filter>
    </ClCompile>
    <ClCompile Include="lua\src\llex.c">
      <Filter>lua</Filter>
    </ClCompile>
    <ClCompile Include="lua\src\lmathlib.c">
      <Filter>lua</Filter>
    </ClCompile>
    <ClCompile Include="lua\src\lmem.c">
      <Filter>lua</Filter>
    </ClCompile>
    <ClCompile Include="lua\src\loadlib.c">
      <Filter>lua</Filter>
    </ClCompile>
    <ClCompile Include="lua\src\lobject.c">
      <Filter>lua</Filter>
    </ClCompile>
    <ClCompile Include="lua\src\lopcodes.c">
      <Filter>lua</Filter>
    </ClCompile>
    <ClCompile Include="lua\src\loslib.c">
      <Filter>lua</Filter>
    </ClCompile>
    <ClCompile Include="lua\src\lparser.c">
      <Filter>lua</Filter>
    </ClCompile>
    <ClCompile Include="lua\src\lstate.c">
      <Filter>lua</Filter>
    </ClCompile>
    <ClCompile Include="lua\src\lstring.c">
      <Filter>lua</Filter>
    </ClCompile>
    <ClCompile Include="lua\src\lstrlib.c">
      <Filter>lua</Filter>
    </ClCompile>
    <ClCompile Include="lua\src\ltable.c">
      <Filter>lua</Filter>
    </ClCompile>
    <ClCompile Include="lua\src\ltablib.c">
      <Filter>lua</Filter>
    </ClCompile>
    <ClCompile Include="lua\src\ltm.c">
      <Filter>lua</Filter>
    </ClCompile>
    <ClCompile Include="lua\src\lundump.c">
      <Filter>lua</Filter>
    </ClCompile>
    <ClCompile Include="lua\src\lvm.c">
      <Filter>lua</Filter>
    </ClCompile>
    <ClCompile Include="lua\src\lzio.c">
      <Filter>lua</Filter>
    </ClCompile>
    <ClCompile Include="lua\src\print.c">
      <Filter>lua</Filter>
    </ClCompile>
    <ClCompile Include="lua\src\lapi.c">
      <Filter>lua</Filter>
    </ClCompile>
    <ClCompile Include="lua\src\lauxlib.c">
      <Filter>lua</Filter>
    </ClCompile>
    <ClCompile Include="lua\src\lbaselib.c">
      <Filter>lua</Filter>
    </ClCompile>
    <ClCompile Include="lua\src\lcode.c">
      <Filter>lua</Filter>
    </ClCompile>
    <ClCompile Include="3rd\doit\doit_tolua.cpp">
      <Filter>3rd\doit</Filter>
    </ClCompile>
    <ClCompile Include="3rd\json\json_lua.cpp">
      <Filter>3rd\json</Filter>
    </ClCompile>
  </ItemGroup>
  <ItemGroup>
    <ClInclude Include="tolua\lib\tolua_event.h">
      <Filter>tolua</Filter>
    </ClInclude>
    <ClInclude Include="3rd\lfs\lfs.h">
      <Filter>3rd\lfs</Filter>
    </ClInclude>
    <ClInclude Include="3rd\3rdtolua.h">
      <Filter>3rd</Filter>
    </ClInclude>
    <ClInclude Include="3rd\md5\md5.h">
      <Filter>3rd\md5</Filter>
    </ClInclude>
    <ClInclude Include="3rd\md5\md5_tolua.h">
      <Filter>3rd\md5</Filter>
    </ClInclude>
    <ClInclude Include="lua\src\lcode.h">
      <Filter>lua</Filter>
    </ClInclude>
    <ClInclude Include="lua\src\ldebug.h">
      <Filter>lua</Filter>
    </ClInclude>
    <ClInclude Include="lua\src\ldo.h">
      <Filter>lua</Filter>
    </ClInclude>
    <ClInclude Include="lua\src\lfunc.h">
      <Filter>lua</Filter>
    </ClInclude>
    <ClInclude Include="lua\src\lgc.h">
      <Filter>lua</Filter>
    </ClInclude>
    <ClInclude Include="lua\src\llex.h">
      <Filter>lua</Filter>
    </ClInclude>
    <ClInclude Include="lua\src\llimits.h">
      <Filter>lua</Filter>
    </ClInclude>
    <ClInclude Include="lua\src\lmem.h">
      <Filter>lua</Filter>
    </ClInclude>
    <ClInclude Include="lua\src\lobject.h">
      <Filter>lua</Filter>
    </ClInclude>
    <ClInclude Include="lua\src\lopcodes.h">
      <Filter>lua</Filter>
    </ClInclude>
    <ClInclude Include="lua\src\lparser.h">
      <Filter>lua</Filter>
    </ClInclude>
    <ClInclude Include="lua\src\lstate.h">
      <Filter>lua</Filter>
    </ClInclude>
    <ClInclude Include="lua\src\lstring.h">
      <Filter>lua</Filter>
    </ClInclude>
    <ClInclude Include="lua\src\ltable.h">
      <Filter>lua</Filter>
    </ClInclude>
    <ClInclude Include="lua\src\ltm.h">
      <Filter>lua</Filter>
    </ClInclude>
    <ClInclude Include="lua\src\lua.h">
      <Filter>lua</Filter>
    </ClInclude>
    <ClInclude Include="lua\src\lua.hpp">
      <Filter>lua</Filter>
    </ClInclude>
    <ClInclude Include="lua\src\luaconf.h">
      <Filter>lua</Filter>
    </ClInclude>
    <ClInclude Include="lua\src\lualib.h">
      <Filter>lua</Filter>
    </ClInclude>
    <ClInclude Include="lua\src\lundump.h">
      <Filter>lua</Filter>
    </ClInclude>
    <ClInclude Include="lua\src\lvm.h">
      <Filter>lua</Filter>
    </ClInclude>
    <ClInclude Include="lua\src\lzio.h">
      <Filter>lua</Filter>
    </ClInclude>
    <ClInclude Include="lua\src\lapi.h">
      <Filter>lua</Filter>
    </ClInclude>
    <ClInclude Include="lua\src\lauxlib.h">
      <Filter>lua</Filter>
    </ClInclude>
    <ClInclude Include="3rd\doit\doit_tolua.h">
      <Filter>3rd\doit</Filter>
    </ClInclude>
    <ClInclude Include="3rd\json\json_lua.h">
      <Filter>3rd\json</Filter>
    </ClInclude>
  </ItemGroup>
  <ItemGroup>
    <None Include="lua\src\Makefile">
      <Filter>lua</Filter>
    </None>
  </ItemGroup>
</Project>